<?xml version="1.0" encoding="utf-8"?>
<Project ToolsVersion="4.0" xmlns="http://schemas.microsoft.com/developer/msbuild/2003">
  <ItemGroup>
    <ClCompile Include="main.cpp" />
    <ClCompile Include="Tests\JSON.cpp" />
  </ItemGroup>
  <ItemGroup>
    <ClInclude Include="Examples\utf8_string.hpp" />
    <ClInclude Include="Tests\JSON.hpp" />
  </ItemGroup>
  <ItemGroup>
    <None Include="Tests\read_test.json" />
    <None Include="Tests\write_test.json" />
    <None Include="Tests\big_parse_test.json" />
    <None Include="Tests\big_toString_test.json" />
  </ItemGroup>
</Project>